// !$*UTF8*$!
{
	archiveVersion = 1;
	classes = {
	};
	objectVersion = 46;
	objects = {

/* Begin PBXBuildFile section */
		A92FC0DC1D2C25D2000EF4C4 /* AppDelegate.swift in Sources */ = {isa = PBXBuildFile; fileRef = A92FC0DB1D2C25D2000EF4C4 /* AppDelegate.swift */; };
		A92FC0DE1D2C25D2000EF4C4 /* ViewController.swift in Sources */ = {isa = PBXBuildFile; fileRef = A92FC0DD1D2C25D2000EF4C4 /* ViewController.swift */; };
		A92FC0E11D2C25D2000EF4C4 /* Main.storyboard in Resources */ = {isa = PBXBuildFile; fileRef = A92FC0DF1D2C25D2000EF4C4 /* Main.storyboard */; };
		A92FC0E31D2C25D2000EF4C4 /* Assets.xcassets in Resources */ = {isa = PBXBuildFile; fileRef = A92FC0E21D2C25D2000EF4C4 /* Assets.xcassets */; };
		A92FC0E61D2C25D2000EF4C4 /* LaunchScreen.storyboard in Resources */ = {isa = PBXBuildFile; fileRef = A92FC0E41D2C25D2000EF4C4 /* LaunchScreen.storyboard */; };
		A92FC0F11D2C25D2000EF4C4 /* PruebaGitTests.swift in Sources */ = {isa = PBXBuildFile; fileRef = A92FC0F01D2C25D2000EF4C4 /* PruebaGitTests.swift */; };
		A92FC0FC1D2C25D2000EF4C4 /* PruebaGitUITests.swift in Sources */ = {isa = PBXBuildFile; fileRef = A92FC0FB1D2C25D2000EF4C4 /* PruebaGitUITests.swift */; };
/* End PBXBuildFile section */

/* Begin PBXContainerItemProxy section */
		A92FC0ED1D2C25D2000EF4C4 /* PBXContainerItemProxy */ = {
			isa = PBXContainerItemProxy;
			containerPortal = A92FC0D01D2C25D2000EF4C4 /* Project object */;
			proxyType = 1;
			remoteGlobalIDString = A92FC0D71D2C25D2000EF4C4;
			remoteInfo = PruebaGit;
		};
		A92FC0F81D2C25D2000EF4C4 /* PBXContainerItemProxy */ = {
			isa = PBXContainerItemProxy;
			containerPortal = A92FC0D01D2C25D2000EF4C4 /* Project object */;
			proxyType = 1;
			remoteGlobalIDString = A92FC0D71D2C25D2000EF4C4;
			remoteInfo = PruebaGit;
		};
/* End PBXContainerItemProxy section */

/* Begin PBXFileReference section */
		A92FC0D81D2C25D2000EF4C4 /* PruebaGit.app */ = {isa = PBXFileReference; explicitFileType = wrapper.application; includeInIndex = 0; path = PruebaGit.app; sourceTree = BUILT_PRODUCTS_DIR; };
		A92FC0DB1D2C25D2000EF4C4 /* AppDelegate.swift */ = {isa = PBXFileReference; lastKnownFileType = sourcecode.swift; path = AppDelegate.swift; sourceTree = "<group>"; };
		A92FC0DD1D2C25D2000EF4C4 /* ViewController.swift */ = {isa = PBXFileReference; lastKnownFileType = sourcecode.swift; path = ViewController.swift; sourceTree = "<group>"; };
		A92FC0E01D2C25D2000EF4C4 /* Base */ = {isa = PBXFileReference; lastKnownFileType = file.storyboard; name = Base; path = Base.lproj/Main.storyboard; sourceTree = "<group>"; };
		A92FC0E21D2C25D2000EF4C4 /* Assets.xcassets */ = {isa = PBXFileReference; lastKnownFileType = folder.assetcatalog; path = Assets.xcassets; sourceTree = "<group>"; };
		A92FC0E51D2C25D2000EF4C4 /* Base */ = {isa = PBXFileReference; lastKnownFileType = file.storyboard; name = Base; path = Base.lproj/LaunchScreen.storyboard; sourceTree = "<group>"; };
		A92FC0E71D2C25D2000EF4C4 /* Info.plist */ = {isa = PBXFileReference; lastKnownFileType = text.plist.xml; path = Info.plist; sourceTree = "<group>"; };
		A92FC0EC1D2C25D2000EF4C4 /* PruebaGitTests.xctest */ = {isa = PBXFileReference; explicitFileType = wrapper.cfbundle; includeInIndex = 0; path = PruebaGitTests.xctest; sourceTree = BUILT_PRODUCTS_DIR; };
		A92FC0F01D2C25D2000EF4C4 /* PruebaGitTests.swift */ = {isa = PBXFileReference; lastKnownFileType = sourcecode.swift; path = PruebaGitTests.swift; sourceTree = "<group>"; };
		A92FC0F21D2C25D2000EF4C4 /* Info.plist */ = {isa = PBXFileReference; lastKnownFileType = text.plist.xml; path = Info.plist; sourceTree = "<group>"; };
		A92FC0F71D2C25D2000EF4C4 /* PruebaGitUITests.xctest */ = {isa = PBXFileReference; explicitFileType = wrapper.cfbundle; includeInIndex = 0; path = PruebaGitUITests.xctest; sourceTree = BUILT_PRODUCTS_DIR; };
		A92FC0FB1D2C25D2000EF4C4 /* PruebaGitUITests.swift */ = {isa = PBXFileReference; lastKnownFileType = sourcecode.swift; path = PruebaGitUITests.swift; sourceTree = "<group>"; };
		A92FC0FD1D2C25D2000EF4C4 /* Info.plist */ = {isa = PBXFileReference; lastKnownFileType = text.plist.xml; path = Info.plist; sourceTree = "<group>"; };
/* End PBXFileReference section */

/* Begin PBXFrameworksBuildPhase section */
		A92FC0D51D2C25D2000EF4C4 /* Frameworks */ = {
			isa = PBXFrameworksBuildPhase;
			buildActionMask = 2147483647;
			files = (
			);
			runOnlyForDeploymentPostprocessing = 0;
		};
		A92FC0E91D2C25D2000EF4C4 /* Frameworks */ = {
			isa = PBXFrameworksBuildPhase;
			buildActionMask = 2147483647;
			files = (
			);
			runOnlyForDeploymentPostprocessing = 0;
		};
		A92FC0F41D2C25D2000EF4C4 /* Frameworks */ = {
			isa = PBXFrameworksBuildPhase;
			buildActionMask = 2147483647;
			files = (
			);
			runOnlyForDeploymentPostprocessing = 0;
		};
/* End PBXFrameworksBuildPhase section */

/* Begin PBXGroup section */
		A92FC0CF1D2C25D2000EF4C4 = {
			isa = PBXGroup;
			children = (
				A92FC0DA1D2C25D2000EF4C4 /* PruebaGit */,
				A92FC0EF1D2C25D2000EF4C4 /* PruebaGitTests */,
				A92FC0FA1D2C25D2000EF4C4 /* PruebaGitUITests */,
				A92FC0D91D2C25D2000EF4C4 /* Products */,
			);
			sourceTree = "<group>";
		};
		A92FC0D91D2C25D2000EF4C4 /* Products */ = {
			isa = PBXGroup;
			children = (
				A92FC0D81D2C25D2000EF4C4 /* PruebaGit.app */,
				A92FC0EC1D2C25D2000EF4C4 /* PruebaGitTests.xctest */,
				A92FC0F71D2C25D2000EF4C4 /* PruebaGitUITests.xctest */,
			);
			name = Products;
			sourceTree = "<group>";
		};
		A92FC0DA1D2C25D2000EF4C4 /* PruebaGit */ = {
			isa = PBXGroup;
			children = (
				A92FC0DB1D2C25D2000EF4C4 /* AppDelegate.swift */,
				A92FC0DD1D2C25D2000EF4C4 /* ViewController.swift */,
				A92FC0DF1D2C25D2000EF4C4 /* Main.storyboard */,
				A92FC0E21D2C25D2000EF4C4 /* Assets.xcassets */,
				A92FC0E41D2C25D2000EF4C4 /* LaunchScreen.storyboard */,
				A92FC0E71D2C25D2000EF4C4 /* Info.plist */,
			);
			path = PruebaGit;
			sourceTree = "<group>";
		};
		A92FC0EF1D2C25D2000EF4C4 /* PruebaGitTests */ = {
			isa = PBXGroup;
			children = (
				A92FC0F01D2C25D2000EF4C4 /* PruebaGitTests.swift */,
				A92FC0F21D2C25D2000EF4C4 /* Info.plist */,
			);
			path = PruebaGitTests;
			sourceTree = "<group>";
		};
		A92FC0FA1D2C25D2000EF4C4 /* PruebaGitUITests */ = {
			isa = PBXGroup;
			children = (
				A92FC0FB1D2C25D2000EF4C4 /* PruebaGitUITests.swift */,
				A92FC0FD1D2C25D2000EF4C4 /* Info.plist */,
			);
			path = PruebaGitUITests;
			sourceTree = "<group>";
		};
/* End PBXGroup section */

/* Begin PBXNativeTarget section */
		A92FC0D71D2C25D2000EF4C4 /* PruebaGit */ = {
			isa = PBXNativeTarget;
			buildConfigurationList = A92FC1001D2C25D2000EF4C4 /* Build configuration list for PBXNativeTarget "PruebaGit" */;
			buildPhases = (
				A92FC0D41D2C25D2000EF4C4 /* Sources */,
				A92FC0D51D2C25D2000EF4C4 /* Frameworks */,
				A92FC0D61D2C25D2000EF4C4 /* Resources */,
			);
			buildRules = (
			);
			dependencies = (
			);
			name = PruebaGit;
			productName = PruebaGit;
			productReference = A92FC0D81D2C25D2000EF4C4 /* PruebaGit.app */;
			productType = "com.apple.product-type.application";
		};
		A92FC0EB1D2C25D2000EF4C4 /* PruebaGitTests */ = {
			isa = PBXNativeTarget;
			buildConfigurationList = A92FC1031D2C25D2000EF4C4 /* Build configuration list for PBXNativeTarget "PruebaGitTests" */;
			buildPhases = (
				A92FC0E81D2C25D2000EF4C4 /* Sources */,
				A92FC0E91D2C25D2000EF4C4 /* Frameworks */,
				A92FC0EA1D2C25D2000EF4C4 /* Resources */,
			);
			buildRules = (
			);
			dependencies = (
				A92FC0EE1D2C25D2000EF4C4 /* PBXTargetDependency */,
			);
			name = PruebaGitTests;
			productName = PruebaGitTests;
			productReference = A92FC0EC1D2C25D2000EF4C4 /* PruebaGitTests.xctest */;
			productType = "com.apple.product-type.bundle.unit-test";
		};
		A92FC0F61D2C25D2000EF4C4 /* PruebaGitUITests */ = {
			isa = PBXNativeTarget;
			buildConfigurationList = A92FC1061D2C25D2000EF4C4 /* Build configuration list for PBXNativeTarget "PruebaGitUITests" */;
			buildPhases = (
				A92FC0F31D2C25D2000EF4C4 /* Sources */,
				A92FC0F41D2C25D2000EF4C4 /* Frameworks */,
				A92FC0F51D2C25D2000EF4C4 /* Resources */,
			);
			buildRules = (
			);
			dependencies = (
				A92FC0F91D2C25D2000EF4C4 /* PBXTargetDependency */,
			);
			name = PruebaGitUITests;
			productName = PruebaGitUITests;
			productReference = A92FC0F71D2C25D2000EF4C4 /* PruebaGitUITests.xctest */;
			productType = "com.apple.product-type.bundle.ui-testing";
		};
/* End PBXNativeTarget section */

/* Begin PBXProject section */
		A92FC0D01D2C25D2000EF4C4 /* Project object */ = {
			isa = PBXProject;
			attributes = {
				LastSwiftUpdateCheck = 0730;
				LastUpgradeCheck = 0730;
				ORGANIZATIONNAME = "Alejandro de Manuel Nogales";
				TargetAttributes = {
					A92FC0D71D2C25D2000EF4C4 = {
						CreatedOnToolsVersion = 7.3.1;
					};
					A92FC0EB1D2C25D2000EF4C4 = {
						CreatedOnToolsVersion = 7.3.1;
						TestTargetID = A92FC0D71D2C25D2000EF4C4;
					};
					A92FC0F61D2C25D2000EF4C4 = {
						CreatedOnToolsVersion = 7.3.1;
						TestTargetID = A92FC0D71D2C25D2000EF4C4;
					};
				};
			};
			buildConfigurationList = A92FC0D31D2C25D2000EF4C4 /* Build configuration list for PBXProject "PruebaGit" */;
			compatibilityVersion = "Xcode 3.2";
			developmentRegion = English;
			hasScannedForEncodings = 0;
			knownRegions = (
				en,
				Base,
			);
			mainGroup = A92FC0CF1D2C25D2000EF4C4;
			productRefGroup = A92FC0D91D2C25D2000EF4C4 /* Products */;
			projectDirPath = "";
			projectRoot = "";
			targets = (
				A92FC0D71D2C25D2000EF4C4 /* PruebaGit */,
				A92FC0EB1D2C25D2000EF4C4 /* PruebaGitTests */,
				A92FC0F61D2C25D2000EF4C4 /* PruebaGitUITests */,
			);
		};
/* End PBXProject section */

/* Begin PBXResourcesBuildPhase section */
		A92FC0D61D2C25D2000EF4C4 /* Resources */ = {
			isa = PBXResourcesBuildPhase;
			buildActionMask = 2147483647;
			files = (
				A92FC0E61D2C25D2000EF4C4 /* LaunchScreen.storyboard in Resources */,
				A92FC0E31D2C25D2000EF4C4 /* Assets.xcassets in Resources */,
				A92FC0E11D2C25D2000EF4C4 /* Main.storyboard in Resources */,
			);
			runOnlyForDeploymentPostprocessing = 0;
		};
		A92FC0EA1D2C25D2000EF4C4 /* Resources */ = {
			isa = PBXResourcesBuildPhase;
			buildActionMask = 2147483647;
			files = (
			);
			runOnlyForDeploymentPostprocessing = 0;
		};
		A92FC0F51D2C25D2000EF4C4 /* Resources */ = {
			isa = PBXResourcesBuildPhase;
			buildActionMask = 2147483647;
			files = (
			);
			runOnlyForDeploymentPostprocessing = 0;
		};
/* End PBXResourcesBuildPhase section */

/* Begin PBXSourcesBuildPhase section */
		A92FC0D41D2C25D2000EF4C4 /* Sources */ = {
			isa = PBXSourcesBuildPhase;
			buildActionMask = 2147483647;
			files = (
				A92FC0DE1D2C25D2000EF4C4 /* ViewController.swift in Sources */,
				A92FC0DC1D2C25D2000EF4C4 /* AppDelegate.swift in Sources */,
			);
			runOnlyForDeploymentPostprocessing = 0;
		};
		A92FC0E81D2C25D2000EF4C4 /* Sources */ = {
			isa = PBXSourcesBuildPhase;
			buildActionMask = 2147483647;
			files = (
				A92FC0F11D2C25D2000EF4C4 /* PruebaGitTests.swift in Sources */,
			);
			runOnlyForDeploymentPostprocessing = 0;
		};
		A92FC0F31D2C25D2000EF4C4 /* Sources */ = {
			isa = PBXSourcesBuildPhase;
			buildActionMask = 2147483647;
			files = (
				A92FC0FC1D2C25D2000EF4C4 /* PruebaGitUITests.swift in Sources */,
			);
			runOnlyForDeploymentPostprocessing = 0;
		};
/* End PBXSourcesBuildPhase section */

/* Begin PBXTargetDependency section */
		A92FC0EE1D2C25D2000EF4C4 /* PBXTargetDependency */ = {
			isa = PBXTargetDependency;
			target = A92FC0D71D2C25D2000EF4C4 /* PruebaGit */;
			targetProxy = A92FC0ED1D2C25D2000EF4C4 /* PBXContainerItemProxy */;
		};
		A92FC0F91D2C25D2000EF4C4 /* PBXTargetDependency */ = {
			isa = PBXTargetDependency;
			target = A92FC0D71D2C25D2000EF4C4 /* PruebaGit */;
			targetProxy = A92FC0F81D2C25D2000EF4C4 /* PBXContainerItemProxy */;
		};
/* End PBXTargetDependency section */

/* Begin PBXVariantGroup section */
		A92FC0DF1D2C25D2000EF4C4 /* Main.storyboard */ = {
			isa = PBXVariantGroup;
			children = (
				A92FC0E01D2C25D2000EF4C4 /* Base */,
			);
			name = Main.storyboard;
			sourceTree = "<group>";
		};
		A92FC0E41D2C25D2000EF4C4 /* LaunchScreen.storyboard */ = {
			isa = PBXVariantGroup;
			children = (
				A92FC0E51D2C25D2000EF4C4 /* Base */,
			);
			name = LaunchScreen.storyboard;
			sourceTree = "<group>";
		};
/* End PBXVariantGroup section */

/* Begin XCBuildConfiguration section */
		A92FC0FE1D2C25D2000EF4C4 /* Debug */ = {
			isa = XCBuildConfiguration;
			buildSettings = {
				ALWAYS_SEARCH_USER_PATHS = NO;
				CLANG_ANALYZER_NONNULL = YES;
				CLANG_CXX_LANGUAGE_STANDARD = "gnu++0x";
				CLANG_CXX_LIBRARY = "libc++";
				CLANG_ENABLE_MODULES = YES;
				CLANG_ENABLE_OBJC_ARC = YES;
				CLANG_WARN_BOOL_CONVERSION = YES;
				CLANG_WARN_CONSTANT_CONVERSION = YES;
				CLANG_WARN_DIRECT_OBJC_ISA_USAGE = YES_ERROR;
				CLANG_WARN_EMPTY_BODY = YES;
				CLANG_WARN_ENUM_CONVERSION = YES;
				CLANG_WARN_INT_CONVERSION = YES;
				CLANG_WARN_OBJC_ROOT_CLASS = YES_ERROR;
				CLANG_WARN_UNREACHABLE_CODE = YES;
				CLANG_WARN__DUPLICATE_METHOD_MATCH = YES;
				"CODE_SIGN_IDENTITY[sdk=iphoneos*]" = "iPhone Developer";
				COPY_PHASE_STRIP = NO;
				DEBUG_INFORMATION_FORMAT = dwarf;
				ENABLE_STRICT_OBJC_MSGSEND = YES;
				ENABLE_TESTABILITY = YES;
				GCC_C_LANGUAGE_STANDARD = gnu99;
				GCC_DYNAMIC_NO_PIC = NO;
				GCC_NO_COMMON_BLOCKS = YES;
				GCC_OPTIMIZATION_LEVEL = 0;
				GCC_PREPROCESSOR_DEFINITIONS = (
					"DEBUG=1",
					"$(inherited)",
				);
				GCC_WARN_64_TO_32_BIT_CONVERSION = YES;
				GCC_WARN_ABOUT_RETURN_TYPE = YES_ERROR;
				GCC_WARN_UNDECLARED_SELECTOR = YES;
				GCC_WARN_UNINITIALIZED_AUTOS = YES_AGGRESSIVE;
				GCC_WARN_UNUSED_FUNCTION = YES;
				GCC_WARN_UNUSED_VARIABLE = YES;
				IPHONEOS_DEPLOYMENT_TARGET = 9.3;
				MTL_ENABLE_DEBUG_INFO = YES;
				ONLY_ACTIVE_ARCH = YES;
				SDKROOT = iphoneos;
				SWIFT_OPTIMIZATION_LEVEL = "-Onone";
			};
			name = Debug;
		};
		A92FC0FF1D2C25D2000EF4C4 /* Release */ = {
			isa = XCBuildConfiguration;
			buildSettings = {
				ALWAYS_SEARCH_USER_PATHS = NO;
				CLANG_ANALYZER_NONNULL = YES;
				CLANG_CXX_LANGUAGE_STANDARD = "gnu++0x";
				CLANG_CXX_LIBRARY = "libc++";
				CLANG_ENABLE_MODULES = YES;
				CLANG_ENABLE_OBJC_ARC = YES;
				CLANG_WARN_BOOL_CONVERSION = YES;
				CLANG_WARN_CONSTANT_CONVERSION = YES;
				CLANG_WARN_DIRECT_OBJC_ISA_USAGE = YES_ERROR;
				CLANG_WARN_EMPTY_BODY = YES;
				CLANG_WARN_ENUM_CONVERSION = YES;
				CLANG_WARN_INT_CONVERSION = YES;
				CLANG_WARN_OBJC_ROOT_CLASS = YES_ERROR;
				CLANG_WARN_UNREACHABLE_CODE = YES;
				CLANG_WARN__DUPLICATE_METHOD_MATCH = YES;
				"CODE_SIGN_IDENTITY[sdk=iphoneos*]" = "iPhone Developer";
				COPY_PHASE_STRIP = NO;
				DEBUG_INFORMATION_FORMAT = "dwarf-with-dsym";
				ENABLE_NS_ASSERTIONS = NO;
				ENABLE_STRICT_OBJC_MSGSEND = YES;
				GCC_C_LANGUAGE_STANDARD = gnu99;
				GCC_NO_COMMON_BLOCKS = YES;
				GCC_WARN_64_TO_32_BIT_CONVERSION = YES;
				GCC_WARN_ABOUT_RETURN_TYPE = YES_ERROR;
				GCC_WARN_UNDECLARED_SELECTOR = YES;
				GCC_WARN_UNINITIALIZED_AUTOS = YES_AGGRESSIVE;
				GCC_WARN_UNUSED_FUNCTION = YES;
				GCC_WARN_UNUSED_VARIABLE = YES;
				IPHONEOS_DEPLOYMENT_TARGET = 9.3;
				MTL_ENABLE_DEBUG_INFO = NO;
				SDKROOT = iphoneos;
				VALIDATE_PRODUCT = YES;
			};
			name = Release;
		};
		A92FC1011D2C25D2000EF4C4 /* Debug */ = {
			isa = XCBuildConfiguration;
			buildSettings = {
				ASSETCATALOG_COMPILER_APPICON_NAME = AppIcon;
				INFOPLIST_FILE = PruebaGit/Info.plist;
				LD_RUNPATH_SEARCH_PATHS = "$(inherited) @executable_path/Frameworks";
				PRODUCT_BUNDLE_IDENTIFIER = Andin.PruebaGit;
				PRODUCT_NAME = "$(TARGET_NAME)";
			};
			name = Debug;
		};
		A92FC1021D2C25D2000EF4C4 /* Release */ = {
			isa = XCBuildConfiguration;
			buildSettings = {
				ASSETCATALOG_COMPILER_APPICON_NAME = AppIcon;
				INFOPLIST_FILE = PruebaGit/Info.plist;
				LD_RUNPATH_SEARCH_PATHS = "$(inherited) @executable_path/Frameworks";
				PRODUCT_BUNDLE_IDENTIFIER = Andin.PruebaGit;
				PRODUCT_NAME = "$(TARGET_NAME)";
			};
			name = Release;
		};
		A92FC1041D2C25D2000EF4C4 /* Debug */ = {
			isa = XCBuildConfiguration;
			buildSettings = {
				BUNDLE_LOADER = "$(TEST_HOST)";
				INFOPLIST_FILE = PruebaGitTests/Info.plist;
				LD_RUNPATH_SEARCH_PATHS = "$(inherited) @executable_path/Frameworks @loader_path/Frameworks";
				PRODUCT_BUNDLE_IDENTIFIER = Andin.PruebaGitTests;
				PRODUCT_NAME = "$(TARGET_NAME)";
				TEST_HOST = "$(BUILT_PRODUCTS_DIR)/PruebaGit.app/PruebaGit";
			};
			name = Debug;
		};
		A92FC1051D2C25D2000EF4C4 /* Release */ = {
			isa = XCBuildConfiguration;
			buildSettings = {
				BUNDLE_LOADER = "$(TEST_HOST)";
				INFOPLIST_FILE = PruebaGitTests/Info.plist;
				LD_RUNPATH_SEARCH_PATHS = "$(inherited) @executable_path/Frameworks @loader_path/Frameworks";
				PRODUCT_BUNDLE_IDENTIFIER = Andin.PruebaGitTests;
				PRODUCT_NAME = "$(TARGET_NAME)";
				TEST_HOST = "$(BUILT_PRODUCTS_DIR)/PruebaGit.app/PruebaGit";
			};
			name = Release;
		};
		A92FC1071D2C25D2000EF4C4 /* Debug */ = {
			isa = XCBuildConfiguration;
			buildSettings = {
				INFOPLIST_FILE = PruebaGitUITests/Info.plist;
				LD_RUNPATH_SEARCH_PATHS = "$(inherited) @executable_path/Frameworks @loader_path/Frameworks";
				PRODUCT_BUNDLE_IDENTIFIER = Andin.PruebaGitUITests;
				PRODUCT_NAME = "$(TARGET_NAME)";
				TEST_TARGET_NAME = PruebaGit;
			};
			name = Debug;
		};
		A92FC1081D2C25D2000EF4C4 /* Release */ = {
			isa = XCBuildConfiguration;
			buildSettings = {
				INFOPLIST_FILE = PruebaGitUITests/Info.plist;
				LD_RUNPATH_SEARCH_PATHS = "$(inherited) @executable_path/Frameworks @loader_path/Frameworks";
				PRODUCT_BUNDLE_IDENTIFIER = Andin.PruebaGitUITests;
				PRODUCT_NAME = "$(TARGET_NAME)";
				TEST_TARGET_NAME = PruebaGit;
			};
			name = Release;
		};
/* End XCBuildConfiguration section */

/* Begin XCConfigurationList section */
		A92FC0D31D2C25D2000EF4C4 /* Build configuration list for PBXProject "PruebaGit" */ = {
			isa = XCConfigurationList;
			buildConfigurations = (
				A92FC0FE1D2C25D2000EF4C4 /* Debug */,
				A92FC0FF1D2C25D2000EF4C4 /* Release */,
			);
			defaultConfigurationIsVisible = 0;
			defaultConfigurationName = Release;
		};
		A92FC1001D2C25D2000EF4C4 /* Build configuration list for PBXNativeTarget "PruebaGit" */ = {
			isa = XCConfigurationList;
			buildConfigurations = (
				A92FC1011D2C25D2000EF4C4 /* Debug */,
				A92FC1021D2C25D2000EF4C4 /* Release */,
			);
			defaultConfigurationIsVisible = 0;
		};
		A92FC1031D2C25D2000EF4C4 /* Build configuration list for PBXNativeTarget "PruebaGitTests" */ = {
			isa = XCConfigurationList;
			buildConfigurations = (
				A92FC1041D2C25D2000EF4C4 /* Debug */,
				A92FC1051D2C25D2000EF4C4 /* Release */,
			);
			defaultConfigurationIsVisible = 0;
		};
		A92FC1061D2C25D2000EF4C4 /* Build configuration list for PBXNativeTarget "PruebaGitUITests" */ = {
			isa = XCConfigurationList;
			buildConfigurations = (
				A92FC1071D2C25D2000EF4C4 /* Debug */,
				A92FC1081D2C25D2000EF4C4 /* Release */,
			);
			defaultConfigurationIsVisible = 0;
		};
/* End XCConfigurationList section */
	};
	rootObject = A92FC0D01D2C25D2000EF4C4 /* Project object */;
}
